
Microsoft Visual Studio Solution File, Format Version 12.00
# Visual Studio Version 16
VisualStudioVersion = 16.0.29920.165
MinimumVisualStudioVersion = 10.0.40219.1
Project("{9A19103F-16F7-4668-BE54-9A1E7A4F7556}") = "Millennium.Api", "Millennium.Api\Millennium.Api.csproj", "{AC34C4A2-62B7-4CD5-83F1-F8E1152A9A15}"
EndProject
Project("{9A19103F-16F7-4668-BE54-9A1E7A4F7556}") = "Millennium.Application", "Millennium.Application\Millennium.Application.csproj", "{BC4E4305-F54E-45A3-91E8-CB0A199FBC2D}"
EndProject
Project("{9A19103F-16F7-4668-BE54-9A1E7A4F7556}") = "Millennium.Domain", "Millennium.Domain\Millennium.Domain.csproj", "{9D3FDBF3-E0BE-41EC-99CF-D262E4DC44ED}"
EndProject
Project("{9A19103F-16F7-4668-BE54-9A1E7A4F7556}") = "Millennium.Shared", "Millennium.Shared\Millennium.Shared.csproj", "{86C5BC61-17DF-4FF7-8B20-E262C7A732E7}"
EndProject
Project("{FAE04EC0-301F-11D3-BF4B-00C04F79EFBC}") = "Millennium.Api.Tests", "Millennium.Api.Tests\Millennium.Api.Tests.csproj", "{5877F266-7894-4487-BC3E-465577DDD6DA}"
EndProject
Global
	GlobalSection(SolutionConfigurationPlatforms) = preSolution
		Debug|Any CPU = Debug|Any CPU
		Release|Any CPU = Release|Any CPU
	EndGlobalSection
	GlobalSection(ProjectConfigurationPlatforms) = postSolution
		{AC34C4A2-62B7-4CD5-83F1-F8E1152A9A15}.Debug|Any CPU.ActiveCfg = Debug|Any CPU
		{AC34C4A2-62B7-4CD5-83F1-F8E1152A9A15}.Debug|Any CPU.Build.0 = Debug|Any CPU
		{AC34C4A2-62B7-4CD5-83F1-F8E1152A9A15}.Release|Any CPU.ActiveCfg = Release|Any CPU
		{AC34C4A2-62B7-4CD5-83F1-F8E1152A9A15}.Release|Any CPU.Build.0 = Release|Any CPU
		{BC4E4305-F54E-45A3-91E8-CB0A199FBC2D}.Debug|Any CPU.ActiveCfg = Debug|Any CPU
		{BC4E4305-F54E-45A3-91E8-CB0A199FBC2D}.Debug|Any CPU.Build.0 = Debug|Any CPU
		{BC4E4305-F54E-45A3-91E8-CB0A199FBC2D}.Release|Any CPU.ActiveCfg = Release|Any CPU
		{BC4E4305-F54E-45A3-91E8-CB0A199FBC2D}.Release|Any CPU.Build.0 = Release|Any CPU
		{9D3FDBF3-E0BE-41EC-99CF-D262E4DC44ED}.Debug|Any CPU.ActiveCfg = Debug|Any CPU
		{9D3FDBF3-E0BE-41EC-99CF-D262E4DC44ED}.Debug|Any CPU.Build.0 = Debug|Any CPU
		{9D3FDBF3-E0BE-41EC-99CF-D262E4DC44ED}.Release|Any CPU.ActiveCfg = Release|Any CPU
		{9D3FDBF3-E0BE-41EC-99CF-D262E4DC44ED}.Release|Any CPU.Build.0 = Release|Any CPU
		{86C5BC61-17DF-4FF7-8B20-E262C7A732E7}.Debug|Any CPU.ActiveCfg = Debug|Any CPU
		{86C5BC61-17DF-4FF7-8B20-E262C7A732E7}.Debug|Any CPU.Build.0 = Debug|Any CPU
		{86C5BC61-17DF-4FF7-8B20-E262C7A732E7}.Release|Any CPU.ActiveCfg = Release|Any CPU
		{86C5BC61-17DF-4FF7-8B20-E262C7A732E7}.Release|Any CPU.Build.0 = Release|Any CPU
		{5877F266-7894-4487-BC3E-465577DDD6DA}.Debug|Any CPU.ActiveCfg = Debug|Any CPU
		{5877F266-7894-4487-BC3E-465577DDD6DA}.Debug|Any CPU.Build.0 = Debug|Any CPU
		{5877F266-7894-4487-BC3E-465577DDD6DA}.Release|Any CPU.ActiveCfg = Release|Any CPU
		{5877F266-7894-4487-BC3E-465577DDD6DA}.Release|Any CPU.Build.0 = Release|Any CPU
	EndGlobalSection
	GlobalSection(SolutionProperties) = preSolution
		HideSolutionNode = FALSE
	EndGlobalSection
	GlobalSection(ExtensibilityGlobals) = postSolution
		SolutionGuid = {BFAA3E01-1660-4DD3-8E69-343F8CA6380D}
	EndGlobalSection
EndGlobal
